
Microsoft Visual Studio Solution File, Format Version 12.00
# Visual Studio 15
VisualStudioVersion = 15.0.26430.14
MinimumVisualStudioVersion = 10.0.40219.1
Project("{FAE04EC0-301F-11D3-BF4B-00C04F79EFBC}") = "Kophosight_FT", "Kophosight_FT\Kophosight_FT.csproj", "{13A45C13-3265-47B8-BC48-A553B569DF55}"
EndProject
Project("{FAE04EC0-301F-11D3-BF4B-00C04F79EFBC}") = "Assembly-CSharp", "D:\Documents\HolocracyStudio\Workspace\Kophosight_FacialTracking\Kophosight_FT\App\GeneratedProjects\UWP\Assembly-CSharp\Assembly-CSharp.csproj", "{002DCB2E-2A59-47B3-868E-8429604ECEF6}"
EndProject
Project("{FAE04EC0-301F-11D3-BF4B-00C04F79EFBC}") = "Assembly-CSharp-firstpass", "D:\Documents\HolocracyStudio\Workspace\Kophosight_FacialTracking\Kophosight_FT\App\GeneratedProjects\UWP\Assembly-CSharp-firstpass\Assembly-CSharp-firstpass.csproj", "{FEE52CB9-77C2-4CC7-9983-C93172194115}"
EndProject
Global
	GlobalSection(SolutionConfigurationPlatforms) = preSolution
		Debug|ARM = Debug|ARM
		Debug|x64 = Debug|x64
		Debug|x86 = Debug|x86
		Master|ARM = Master|ARM
		Master|x64 = Master|x64
		Master|x86 = Master|x86
		Release|ARM = Release|ARM
		Release|x64 = Release|x64
		Release|x86 = Release|x86
	EndGlobalSection
	GlobalSection(ProjectConfigurationPlatforms) = postSolution
		{13A45C13-3265-47B8-BC48-A553B569DF55}.Debug|ARM.ActiveCfg = Debug|ARM
		{13A45C13-3265-47B8-BC48-A553B569DF55}.Debug|ARM.Build.0 = Debug|ARM
		{13A45C13-3265-47B8-BC48-A553B569DF55}.Debug|ARM.Deploy.0 = Debug|ARM
		{13A45C13-3265-47B8-BC48-A553B569DF55}.Debug|x64.ActiveCfg = Debug|x64
		{13A45C13-3265-47B8-BC48-A553B569DF55}.Debug|x64.Build.0 = Debug|x64
		{13A45C13-3265-47B8-BC48-A553B569DF55}.Debug|x64.Deploy.0 = Debug|x64
		{13A45C13-3265-47B8-BC48-A553B569DF55}.Debug|x86.ActiveCfg = Debug|x86
		{13A45C13-3265-47B8-BC48-A553B569DF55}.Debug|x86.Build.0 = Debug|x86
		{13A45C13-3265-47B8-BC48-A553B569DF55}.Debug|x86.Deploy.0 = Debug|x86
		{13A45C13-3265-47B8-BC48-A553B569DF55}.Master|ARM.ActiveCfg = Master|ARM
		{13A45C13-3265-47B8-BC48-A553B569DF55}.Master|ARM.Build.0 = Master|ARM
		{13A45C13-3265-47B8-BC48-A553B569DF55}.Master|ARM.Deploy.0 = Master|ARM
		{13A45C13-3265-47B8-BC48-A553B569DF55}.Master|x64.ActiveCfg = Master|x64
		{13A45C13-3265-47B8-BC48-A553B569DF55}.Master|x64.Build.0 = Master|x64
		{13A45C13-3265-47B8-BC48-A553B569DF55}.Master|x64.Deploy.0 = Master|x64
		{13A45C13-3265-47B8-BC48-A553B569DF55}.Master|x86.ActiveCfg = Master|x86
		{13A45C13-3265-47B8-BC48-A553B569DF55}.Master|x86.Build.0 = Master|x86
		{13A45C13-3265-47B8-BC48-A553B569DF55}.Master|x86.Deploy.0 = Master|x86
		{13A45C13-3265-47B8-BC48-A553B569DF55}.Release|ARM.ActiveCfg = Release|ARM
		{13A45C13-3265-47B8-BC48-A553B569DF55}.Release|ARM.Build.0 = Release|ARM
		{13A45C13-3265-47B8-BC48-A553B569DF55}.Release|ARM.Deploy.0 = Release|ARM
		{13A45C13-3265-47B8-BC48-A553B569DF55}.Release|x64.ActiveCfg = Release|x64
		{13A45C13-3265-47B8-BC48-A553B569DF55}.Release|x64.Build.0 = Release|x64
		{13A45C13-3265-47B8-BC48-A553B569DF55}.Release|x64.Deploy.0 = Release|x64
		{13A45C13-3265-47B8-BC48-A553B569DF55}.Release|x86.ActiveCfg = Release|x86
		{13A45C13-3265-47B8-BC48-A553B569DF55}.Release|x86.Build.0 = Release|x86
		{13A45C13-3265-47B8-BC48-A553B569DF55}.Release|x86.Deploy.0 = Release|x86
		{002DCB2E-2A59-47B3-868E-8429604ECEF6}.Debug|ARM.ActiveCfg = Debug|ARM
		{002DCB2E-2A59-47B3-868E-8429604ECEF6}.Debug|ARM.Build.0 = Debug|ARM
		{002DCB2E-2A59-47B3-868E-8429604ECEF6}.Debug|x64.ActiveCfg = Debug|x64
		{002DCB2E-2A59-47B3-868E-8429604ECEF6}.Debug|x64.Build.0 = Debug|x64
		{002DCB2E-2A59-47B3-868E-8429604ECEF6}.Debug|x86.ActiveCfg = Debug|x86
		{002DCB2E-2A59-47B3-868E-8429604ECEF6}.Debug|x86.Build.0 = Debug|x86
		{002DCB2E-2A59-47B3-868E-8429604ECEF6}.Master|ARM.ActiveCfg = Master|ARM
		{002DCB2E-2A59-47B3-868E-8429604ECEF6}.Master|ARM.Build.0 = Master|ARM
		{002DCB2E-2A59-47B3-868E-8429604ECEF6}.Master|x64.ActiveCfg = Master|x64
		{002DCB2E-2A59-47B3-868E-8429604ECEF6}.Master|x64.Build.0 = Master|x64
		{002DCB2E-2A59-47B3-868E-8429604ECEF6}.Master|x86.ActiveCfg = Master|x86
		{002DCB2E-2A59-47B3-868E-8429604ECEF6}.Master|x86.Build.0 = Master|x86
		{002DCB2E-2A59-47B3-868E-8429604ECEF6}.Release|ARM.ActiveCfg = Release|ARM
		{002DCB2E-2A59-47B3-868E-8429604ECEF6}.Release|ARM.Build.0 = Release|ARM
		{002DCB2E-2A59-47B3-868E-8429604ECEF6}.Release|x64.ActiveCfg = Release|x64
		{002DCB2E-2A59-47B3-868E-8429604ECEF6}.Release|x64.Build.0 = Release|x64
		{002DCB2E-2A59-47B3-868E-8429604ECEF6}.Release|x86.ActiveCfg = Release|x86
		{002DCB2E-2A59-47B3-868E-8429604ECEF6}.Release|x86.Build.0 = Release|x86
		{FEE52CB9-77C2-4CC7-9983-C93172194115}.Debug|ARM.ActiveCfg = Debug|ARM
		{FEE52CB9-77C2-4CC7-9983-C93172194115}.Debug|ARM.Build.0 = Debug|ARM
		{FEE52CB9-77C2-4CC7-9983-C93172194115}.Debug|x64.ActiveCfg = Debug|x64
		{FEE52CB9-77C2-4CC7-9983-C93172194115}.Debug|x64.Build.0 = Debug|x64
		{FEE52CB9-77C2-4CC7-9983-C93172194115}.Debug|x86.ActiveCfg = Debug|x86
		{FEE52CB9-77C2-4CC7-9983-C93172194115}.Debug|x86.Build.0 = Debug|x86
		{FEE52CB9-77C2-4CC7-9983-C93172194115}.Master|ARM.ActiveCfg = Master|ARM
		{FEE52CB9-77C2-4CC7-9983-C93172194115}.Master|ARM.Build.0 = Master|ARM
		{FEE52CB9-77C2-4CC7-9983-C93172194115}.Master|x64.ActiveCfg = Master|x64
		{FEE52CB9-77C2-4CC7-9983-C93172194115}.Master|x64.Build.0 = Master|x64
		{FEE52CB9-77C2-4CC7-9983-C93172194115}.Master|x86.ActiveCfg = Master|x86
		{FEE52CB9-77C2-4CC7-9983-C93172194115}.Master|x86.Build.0 = Master|x86
		{FEE52CB9-77C2-4CC7-9983-C93172194115}.Release|ARM.ActiveCfg = Release|ARM
		{FEE52CB9-77C2-4CC7-9983-C93172194115}.Release|ARM.Build.0 = Release|ARM
		{FEE52CB9-77C2-4CC7-9983-C93172194115}.Release|x64.ActiveCfg = Release|x64
		{FEE52CB9-77C2-4CC7-9983-C93172194115}.Release|x64.Build.0 = Release|x64
		{FEE52CB9-77C2-4CC7-9983-C93172194115}.Release|x86.ActiveCfg = Release|x86
		{FEE52CB9-77C2-4CC7-9983-C93172194115}.Release|x86.Build.0 = Release|x86
	EndGlobalSection
	GlobalSection(SolutionProperties) = preSolution
		HideSolutionNode = FALSE
	EndGlobalSection
EndGlobal
